
Microsoft Visual Studio Solution File, Format Version 12.00
# Visual Studio Version 16
VisualStudioVersion = 16.0.33529.622
MinimumVisualStudioVersion = 10.0.40219.1
Project("{FAE04EC0-301F-11D3-BF4B-00C04F79EFBC}") = "CSKamp", "CSKamp\CSKamp.csproj", "{9CA61793-F4A0-444E-9ADE-77C028FF2D3B}"
EndProject
Project("{FAE04EC0-301F-11D3-BF4B-00C04F79EFBC}") = "ClassIntro", "ClassIntro\ClassIntro.csproj", "{B8954698-7788-46CB-AA76-0E26DD68E46F}"
EndProject
Project("{FAE04EC0-301F-11D3-BF4B-00C04F79EFBC}") = "DegerVeReferansTipler", "DegerVeReferansTipler\DegerVeReferansTipler.csproj", "{9ACC1035-9907-4E08-ABFE-17BB230D8745}"
EndProject
Project("{FAE04EC0-301F-11D3-BF4B-00C04F79EFBC}") = "Donguler", "Donguler\Donguler.csproj", "{0EF43A3A-8A4D-4263-AFC5-0F98261D59A3}"
EndProject
Project("{FAE04EC0-301F-11D3-BF4B-00C04F79EFBC}") = "GenericsIntro", "GenericsIntro\GenericsIntro.csproj", "{55BCE8F3-59BC-4021-A30E-BBD5131E522A}"
EndProject
Project("{FAE04EC0-301F-11D3-BF4B-00C04F79EFBC}") = "Koleksiyonlar", "Koleksiyonlar\Koleksiyonlar.csproj", "{FC15A82E-7C4A-4AE0-ADC2-C437A41A50A9}"
EndProject
Project("{FAE04EC0-301F-11D3-BF4B-00C04F79EFBC}") = "Metotlar", "Metotlar\Metotlar.csproj", "{E2FA9DE5-B519-42C1-B5EB-BA30809D4E24}"
EndProject
Project("{FAE04EC0-301F-11D3-BF4B-00C04F79EFBC}") = "OOP1", "OOP1\OOP1.csproj", "{3D8CC644-48B8-459A-B049-A6B88740BFD6}"
EndProject
Project("{FAE04EC0-301F-11D3-BF4B-00C04F79EFBC}") = "OOP2", "OOP2\OOP2.csproj", "{1AB73C19-A3F3-4039-A0C4-F2FA9BCCB3E1}"
EndProject
Project("{FAE04EC0-301F-11D3-BF4B-00C04F79EFBC}") = "OOP3", "OOP3\OOP3.csproj", "{E65B2F30-744C-4435-9A67-1469649195CF}"
EndProject
Global
	GlobalSection(SolutionConfigurationPlatforms) = preSolution
		Debug|Any CPU = Debug|Any CPU
		Release|Any CPU = Release|Any CPU
	EndGlobalSection
	GlobalSection(ProjectConfigurationPlatforms) = postSolution
		{9CA61793-F4A0-444E-9ADE-77C028FF2D3B}.Debug|Any CPU.ActiveCfg = Debug|Any CPU
		{9CA61793-F4A0-444E-9ADE-77C028FF2D3B}.Debug|Any CPU.Build.0 = Debug|Any CPU
		{9CA61793-F4A0-444E-9ADE-77C028FF2D3B}.Release|Any CPU.ActiveCfg = Release|Any CPU
		{9CA61793-F4A0-444E-9ADE-77C028FF2D3B}.Release|Any CPU.Build.0 = Release|Any CPU
		{B8954698-7788-46CB-AA76-0E26DD68E46F}.Debug|Any CPU.ActiveCfg = Debug|Any CPU
		{B8954698-7788-46CB-AA76-0E26DD68E46F}.Debug|Any CPU.Build.0 = Debug|Any CPU
		{B8954698-7788-46CB-AA76-0E26DD68E46F}.Release|Any CPU.ActiveCfg = Release|Any CPU
		{B8954698-7788-46CB-AA76-0E26DD68E46F}.Release|Any CPU.Build.0 = Release|Any CPU
		{9ACC1035-9907-4E08-ABFE-17BB230D8745}.Debug|Any CPU.ActiveCfg = Debug|Any CPU
		{9ACC1035-9907-4E08-ABFE-17BB230D8745}.Debug|Any CPU.Build.0 = Debug|Any CPU
		{9ACC1035-9907-4E08-ABFE-17BB230D8745}.Release|Any CPU.ActiveCfg = Release|Any CPU
		{9ACC1035-9907-4E08-ABFE-17BB230D8745}.Release|Any CPU.Build.0 = Release|Any CPU
		{0EF43A3A-8A4D-4263-AFC5-0F98261D59A3}.Debug|Any CPU.ActiveCfg = Debug|Any CPU
		{0EF43A3A-8A4D-4263-AFC5-0F98261D59A3}.Debug|Any CPU.Build.0 = Debug|Any CPU
		{0EF43A3A-8A4D-4263-AFC5-0F98261D59A3}.Release|Any CPU.ActiveCfg = Release|Any CPU
		{0EF43A3A-8A4D-4263-AFC5-0F98261D59A3}.Release|Any CPU.Build.0 = Release|Any CPU
		{55BCE8F3-59BC-4021-A30E-BBD5131E522A}.Debug|Any CPU.ActiveCfg = Debug|Any CPU
		{55BCE8F3-59BC-4021-A30E-BBD5131E522A}.Debug|Any CPU.Build.0 = Debug|Any CPU
		{55BCE8F3-59BC-4021-A30E-BBD5131E522A}.Release|Any CPU.ActiveCfg = Release|Any CPU
		{55BCE8F3-59BC-4021-A30E-BBD5131E522A}.Release|Any CPU.Build.0 = Release|Any CPU
		{FC15A82E-7C4A-4AE0-ADC2-C437A41A50A9}.Debug|Any CPU.ActiveCfg = Debug|Any CPU
		{FC15A82E-7C4A-4AE0-ADC2-C437A41A50A9}.Debug|Any CPU.Build.0 = Debug|Any CPU
		{FC15A82E-7C4A-4AE0-ADC2-C437A41A50A9}.Release|Any CPU.ActiveCfg = Release|Any CPU
		{FC15A82E-7C4A-4AE0-ADC2-C437A41A50A9}.Release|Any CPU.Build.0 = Release|Any CPU
		{E2FA9DE5-B519-42C1-B5EB-BA30809D4E24}.Debug|Any CPU.ActiveCfg = Debug|Any CPU
		{E2FA9DE5-B519-42C1-B5EB-BA30809D4E24}.Debug|Any CPU.Build.0 = Debug|Any CPU
		{E2FA9DE5-B519-42C1-B5EB-BA30809D4E24}.Release|Any CPU.ActiveCfg = Release|Any CPU
		{E2FA9DE5-B519-42C1-B5EB-BA30809D4E24}.Release|Any CPU.Build.0 = Release|Any CPU
		{3D8CC644-48B8-459A-B049-A6B88740BFD6}.Debug|Any CPU.ActiveCfg = Debug|Any CPU
		{3D8CC644-48B8-459A-B049-A6B88740BFD6}.Debug|Any CPU.Build.0 = Debug|Any CPU
		{3D8CC644-48B8-459A-B049-A6B88740BFD6}.Release|Any CPU.ActiveCfg = Release|Any CPU
		{3D8CC644-48B8-459A-B049-A6B88740BFD6}.Release|Any CPU.Build.0 = Release|Any CPU
		{1AB73C19-A3F3-4039-A0C4-F2FA9BCCB3E1}.Debug|Any CPU.ActiveCfg = Debug|Any CPU
		{1AB73C19-A3F3-4039-A0C4-F2FA9BCCB3E1}.Debug|Any CPU.Build.0 = Debug|Any CPU
		{1AB73C19-A3F3-4039-A0C4-F2FA9BCCB3E1}.Release|Any CPU.ActiveCfg = Release|Any CPU
		{1AB73C19-A3F3-4039-A0C4-F2FA9BCCB3E1}.Release|Any CPU.Build.0 = Release|Any CPU
		{E65B2F30-744C-4435-9A67-1469649195CF}.Debug|Any CPU.ActiveCfg = Debug|Any CPU
		{E65B2F30-744C-4435-9A67-1469649195CF}.Debug|Any CPU.Build.0 = Debug|Any CPU
		{E65B2F30-744C-4435-9A67-1469649195CF}.Release|Any CPU.ActiveCfg = Release|Any CPU
		{E65B2F30-744C-4435-9A67-1469649195CF}.Release|Any CPU.Build.0 = Release|Any CPU
	EndGlobalSection
	GlobalSection(SolutionProperties) = preSolution
		HideSolutionNode = FALSE
	EndGlobalSection
	GlobalSection(ExtensibilityGlobals) = postSolution
		SolutionGuid = {BC874598-C75E-4799-AFA3-DDCB8F611647}
	EndGlobalSection
EndGlobal
