
Microsoft Visual Studio Solution File, Format Version 12.00
# Visual Studio Version 16
VisualStudioVersion = 16.0.33529.622
MinimumVisualStudioVersion = 10.0.40219.1
Project("{FAE04EC0-301F-11D3-BF4B-00C04F79EFBC}") = "CSKamp", "CSKamp\CSKamp.csproj", "{9CA61793-F4A0-444E-9ADE-77C028FF2D3B}"
EndProject
Global
	GlobalSection(SolutionConfigurationPlatforms) = preSolution
		Debug|Any CPU = Debug|Any CPU
		Release|Any CPU = Release|Any CPU
	EndGlobalSection
	GlobalSection(ProjectConfigurationPlatforms) = postSolution
		{9CA61793-F4A0-444E-9ADE-77C028FF2D3B}.Debug|Any CPU.ActiveCfg = Debug|Any CPU
		{9CA61793-F4A0-444E-9ADE-77C028FF2D3B}.Debug|Any CPU.Build.0 = Debug|Any CPU
		{9CA61793-F4A0-444E-9ADE-77C028FF2D3B}.Release|Any CPU.ActiveCfg = Release|Any CPU
		{9CA61793-F4A0-444E-9ADE-77C028FF2D3B}.Release|Any CPU.Build.0 = Release|Any CPU
	EndGlobalSection
	GlobalSection(SolutionProperties) = preSolution
		HideSolutionNode = FALSE
	EndGlobalSection
	GlobalSection(ExtensibilityGlobals) = postSolution
		SolutionGuid = {BC874598-C75E-4799-AFA3-DDCB8F611647}
	EndGlobalSection
EndGlobal
